
Microsoft Visual Studio Solution File, Format Version 12.00
# Visual Studio Version 17
VisualStudioVersion = 17.3.32929.385
MinimumVisualStudioVersion = 10.0.40219.1
Project("{FAE04EC0-301F-11D3-BF4B-00C04F79EFBC}") = "Shutdown Timer GUI", "Shutdown Timer GUI\Shutdown Timer GUI.csproj", "{005937E2-ED1D-4856-846C-2B8FE303D1E7}"
EndProject
Global
	GlobalSection(SolutionConfigurationPlatforms) = preSolution
		Debug|Any CPU = Debug|Any CPU
		Release|Any CPU = Release|Any CPU
	EndGlobalSection
	GlobalSection(ProjectConfigurationPlatforms) = postSolution
		{005937E2-ED1D-4856-846C-2B8FE303D1E7}.Debug|Any CPU.ActiveCfg = Debug|Any CPU
		{005937E2-ED1D-4856-846C-2B8FE303D1E7}.Debug|Any CPU.Build.0 = Debug|Any CPU
		{005937E2-ED1D-4856-846C-2B8FE303D1E7}.Release|Any CPU.ActiveCfg = Release|Any CPU
		{005937E2-ED1D-4856-846C-2B8FE303D1E7}.Release|Any CPU.Build.0 = Release|Any CPU
	EndGlobalSection
	GlobalSection(SolutionProperties) = preSolution
		HideSolutionNode = FALSE
	EndGlobalSection
	GlobalSection(ExtensibilityGlobals) = postSolution
		SolutionGuid = {5E667C80-A0CC-4D0C-9FEF-58912E8B8E5D}
	EndGlobalSection
EndGlobal
